// !$*UTF8*$!
{
	archiveVersion = 1;
	classes = {
	};
	objectVersion = 46;
	objects = {

/* Begin PBXBuildFile section */
		9FE757CB1BD7315600CF80BA /* main.m in Sources */ = {isa = PBXBuildFile; fileRef = 9FE757CA1BD7315600CF80BA /* main.m */; };
		9FE757CE1BD7315600CF80BA /* AppDelegate.m in Sources */ = {isa = PBXBuildFile; fileRef = 9FE757CD1BD7315600CF80BA /* AppDelegate.m */; };
		9FE757D11BD7315600CF80BA /* ViewController.m in Sources */ = {isa = PBXBuildFile; fileRef = 9FE757D01BD7315600CF80BA /* ViewController.m */; };
		9FE757D41BD7315600CF80BA /* Main.storyboard in Resources */ = {isa = PBXBuildFile; fileRef = 9FE757D21BD7315600CF80BA /* Main.storyboard */; };
		9FE757D61BD7315600CF80BA /* Assets.xcassets in Resources */ = {isa = PBXBuildFile; fileRef = 9FE757D51BD7315600CF80BA /* Assets.xcassets */; };
		9FE757D91BD7315600CF80BA /* LaunchScreen.storyboard in Resources */ = {isa = PBXBuildFile; fileRef = 9FE757D71BD7315600CF80BA /* LaunchScreen.storyboard */; };
		9FE757E41BD7315600CF80BA /* RSADemoTests.m in Sources */ = {isa = PBXBuildFile; fileRef = 9FE757E31BD7315600CF80BA /* RSADemoTests.m */; };
		9FE757EF1BD7315600CF80BA /* RSADemoUITests.m in Sources */ = {isa = PBXBuildFile; fileRef = 9FE757EE1BD7315600CF80BA /* RSADemoUITests.m */; };
		9FE7584C1BD7318200CF80BA /* libcrypto.a in Frameworks */ = {isa = PBXBuildFile; fileRef = 9FE7584A1BD7318200CF80BA /* libcrypto.a */; settings = {ASSET_TAGS = (); }; };
		9FE7584D1BD7318200CF80BA /* libssl.a in Frameworks */ = {isa = PBXBuildFile; fileRef = 9FE7584B1BD7318200CF80BA /* libssl.a */; settings = {ASSET_TAGS = (); }; };
		9FE758531BD731CB00CF80BA /* NSData+HexToByte.m in Sources */ = {isa = PBXBuildFile; fileRef = 9FE758501BD731CB00CF80BA /* NSData+HexToByte.m */; settings = {ASSET_TAGS = (); }; };
		9FE758541BD731CB00CF80BA /* NSString+Hash.m in Sources */ = {isa = PBXBuildFile; fileRef = 9FE758521BD731CB00CF80BA /* NSString+Hash.m */; settings = {ASSET_TAGS = (); }; };
		9FE758561BD733C900CF80BA /* Security.framework in Frameworks */ = {isa = PBXBuildFile; fileRef = 9FE758551BD733C900CF80BA /* Security.framework */; };
		9FE758581BD737BB00CF80BA /* SystemConfiguration.framework in Frameworks */ = {isa = PBXBuildFile; fileRef = 9FE758571BD737BB00CF80BA /* SystemConfiguration.framework */; };
/* End PBXBuildFile section */

/* Begin PBXContainerItemProxy section */
		9FE757E01BD7315600CF80BA /* PBXContainerItemProxy */ = {
			isa = PBXContainerItemProxy;
			containerPortal = 9FE757BE1BD7315600CF80BA /* Project object */;
			proxyType = 1;
			remoteGlobalIDString = 9FE757C51BD7315600CF80BA;
			remoteInfo = RSADemo;
		};
		9FE757EB1BD7315600CF80BA /* PBXContainerItemProxy */ = {
			isa = PBXContainerItemProxy;
			containerPortal = 9FE757BE1BD7315600CF80BA /* Project object */;
			proxyType = 1;
			remoteGlobalIDString = 9FE757C51BD7315600CF80BA;
			remoteInfo = RSADemo;
		};
/* End PBXContainerItemProxy section */

/* Begin PBXFileReference section */
		9FE757C61BD7315600CF80BA /* RSADemo.app */ = {isa = PBXFileReference; explicitFileType = wrapper.application; includeInIndex = 0; path = RSADemo.app; sourceTree = BUILT_PRODUCTS_DIR; };
		9FE757CA1BD7315600CF80BA /* main.m */ = {isa = PBXFileReference; lastKnownFileType = sourcecode.c.objc; path = main.m; sourceTree = "<group>"; };
		9FE757CC1BD7315600CF80BA /* AppDelegate.h */ = {isa = PBXFileReference; lastKnownFileType = sourcecode.c.h; path = AppDelegate.h; sourceTree = "<group>"; };
		9FE757CD1BD7315600CF80BA /* AppDelegate.m */ = {isa = PBXFileReference; lastKnownFileType = sourcecode.c.objc; path = AppDelegate.m; sourceTree = "<group>"; };
		9FE757CF1BD7315600CF80BA /* ViewController.h */ = {isa = PBXFileReference; lastKnownFileType = sourcecode.c.h; path = ViewController.h; sourceTree = "<group>"; };
		9FE757D01BD7315600CF80BA /* ViewController.m */ = {isa = PBXFileReference; lastKnownFileType = sourcecode.c.objc; path = ViewController.m; sourceTree = "<group>"; };
		9FE757D31BD7315600CF80BA /* Base */ = {isa = PBXFileReference; lastKnownFileType = file.storyboard; name = Base; path = Base.lproj/Main.storyboard; sourceTree = "<group>"; };
		9FE757D51BD7315600CF80BA /* Assets.xcassets */ = {isa = PBXFileReference; lastKnownFileType = folder.assetcatalog; path = Assets.xcassets; sourceTree = "<group>"; };
		9FE757D81BD7315600CF80BA /* Base */ = {isa = PBXFileReference; lastKnownFileType = file.storyboard; name = Base; path = Base.lproj/LaunchScreen.storyboard; sourceTree = "<group>"; };
		9FE757DA1BD7315600CF80BA /* Info.plist */ = {isa = PBXFileReference; lastKnownFileType = text.plist.xml; path = Info.plist; sourceTree = "<group>"; };
		9FE757DF1BD7315600CF80BA /* RSADemoTests.xctest */ = {isa = PBXFileReference; explicitFileType = wrapper.cfbundle; includeInIndex = 0; path = RSADemoTests.xctest; sourceTree = BUILT_PRODUCTS_DIR; };
		9FE757E31BD7315600CF80BA /* RSADemoTests.m */ = {isa = PBXFileReference; lastKnownFileType = sourcecode.c.objc; path = RSADemoTests.m; sourceTree = "<group>"; };
		9FE757E51BD7315600CF80BA /* Info.plist */ = {isa = PBXFileReference; lastKnownFileType = text.plist.xml; path = Info.plist; sourceTree = "<group>"; };
		9FE757EA1BD7315600CF80BA /* RSADemoUITests.xctest */ = {isa = PBXFileReference; explicitFileType = wrapper.cfbundle; includeInIndex = 0; path = RSADemoUITests.xctest; sourceTree = BUILT_PRODUCTS_DIR; };
		9FE757EE1BD7315600CF80BA /* RSADemoUITests.m */ = {isa = PBXFileReference; lastKnownFileType = sourcecode.c.objc; path = RSADemoUITests.m; sourceTree = "<group>"; };
		9FE757F01BD7315600CF80BA /* Info.plist */ = {isa = PBXFileReference; lastKnownFileType = text.plist.xml; path = Info.plist; sourceTree = "<group>"; };
		9FE757FF1BD7318200CF80BA /* aes.h */ = {isa = PBXFileReference; fileEncoding = 4; lastKnownFileType = sourcecode.c.h; path = aes.h; sourceTree = "<group>"; };
		9FE758001BD7318200CF80BA /* asn1.h */ = {isa = PBXFileReference; fileEncoding = 4; lastKnownFileType = sourcecode.c.h; path = asn1.h; sourceTree = "<group>"; };
		9FE758011BD7318200CF80BA /* asn1_mac.h */ = {isa = PBXFileReference; fileEncoding = 4; lastKnownFileType = sourcecode.c.h; path = asn1_mac.h; sourceTree = "<group>"; };
		9FE758021BD7318200CF80BA /* asn1t.h */ = {isa = PBXFileReference; fileEncoding = 4; lastKnownFileType = sourcecode.c.h; path = asn1t.h; sourceTree = "<group>"; };
		9FE758031BD7318200CF80BA /* bio.h */ = {isa = PBXFileReference; fileEncoding = 4; lastKnownFileType = sourcecode.c.h; path = bio.h; sourceTree = "<group>"; };
		9FE758041BD7318200CF80BA /* blowfish.h */ = {isa = PBXFileReference; fileEncoding = 4; lastKnownFileType = sourcecode.c.h; path = blowfish.h; sourceTree = "<group>"; };
		9FE758051BD7318200CF80BA /* bn.h */ = {isa = PBXFileReference; fileEncoding = 4; lastKnownFileType = sourcecode.c.h; path = bn.h; sourceTree = "<group>"; };
		9FE758061BD7318200CF80BA /* buffer.h */ = {isa = PBXFileReference; fileEncoding = 4; lastKnownFileType = sourcecode.c.h; path = buffer.h; sourceTree = "<group>"; };
		9FE758071BD7318200CF80BA /* camellia.h */ = {isa = PBXFileReference; fileEncoding = 4; lastKnownFileType = sourcecode.c.h; path = camellia.h; sourceTree = "<group>"; };
		9FE758081BD7318200CF80BA /* cast.h */ = {isa = PBXFileReference; fileEncoding = 4; lastKnownFileType = sourcecode.c.h; path = cast.h; sourceTree = "<group>"; };
		9FE758091BD7318200CF80BA /* cmac.h */ = {isa = PBXFileReference; fileEncoding = 4; lastKnownFileType = sourcecode.c.h; path = cmac.h; sourceTree = "<group>"; };
		9FE7580A1BD7318200CF80BA /* cms.h */ = {isa = PBXFileReference; fileEncoding = 4; lastKnownFileType = sourcecode.c.h; path = cms.h; sourceTree = "<group>"; };
		9FE7580B1BD7318200CF80BA /* comp.h */ = {isa = PBXFileReference; fileEncoding = 4; lastKnownFileType = sourcecode.c.h; path = comp.h; sourceTree = "<group>"; };
		9FE7580C1BD7318200CF80BA /* conf.h */ = {isa = PBXFileReference; fileEncoding = 4; lastKnownFileType = sourcecode.c.h; path = conf.h; sourceTree = "<group>"; };
		9FE7580D1BD7318200CF80BA /* conf_api.h */ = {isa = PBXFileReference; fileEncoding = 4; lastKnownFileType = sourcecode.c.h; path = conf_api.h; sourceTree = "<group>"; };
		9FE7580E1BD7318200CF80BA /* crypto.h */ = {isa = PBXFileReference; fileEncoding = 4; lastKnownFileType = sourcecode.c.h; path = crypto.h; sourceTree = "<group>"; };
		9FE7580F1BD7318200CF80BA /* des.h */ = {isa = PBXFileReference; fileEncoding = 4; lastKnownFileType = sourcecode.c.h; path = des.h; sourceTree = "<group>"; };
		9FE758101BD7318200CF80BA /* des_old.h */ = {isa = PBXFileReference; fileEncoding = 4; lastKnownFileType = sourcecode.c.h; path = des_old.h; sourceTree = "<group>"; };
		9FE758111BD7318200CF80BA /* dh.h */ = {isa = PBXFileReference; fileEncoding = 4; lastKnownFileType = sourcecode.c.h; path = dh.h; sourceTree = "<group>"; };
		9FE758121BD7318200CF80BA /* dsa.h */ = {isa = PBXFileReference; fileEncoding = 4; lastKnownFileType = sourcecode.c.h; path = dsa.h; sourceTree = "<group>"; };
		9FE758131BD7318200CF80BA /* dso.h */ = {isa = PBXFileReference; fileEncoding = 4; lastKnownFileType = sourcecode.c.h; path = dso.h; sourceTree = "<group>"; };
		9FE758141BD7318200CF80BA /* dtls1.h */ = {isa = PBXFileReference; fileEncoding = 4; lastKnownFileType = sourcecode.c.h; path = dtls1.h; sourceTree = "<group>"; };
		9FE758151BD7318200CF80BA /* e_os2.h */ = {isa = PBXFileReference; fileEncoding = 4; lastKnownFileType = sourcecode.c.h; path = e_os2.h; sourceTree = "<group>"; };
		9FE758161BD7318200CF80BA /* ebcdic.h */ = {isa = PBXFileReference; fileEncoding = 4; lastKnownFileType = sourcecode.c.h; path = ebcdic.h; sourceTree = "<group>"; };
		9FE758171BD7318200CF80BA /* ec.h */ = {isa = PBXFileReference; fileEncoding = 4; lastKnownFileType = sourcecode.c.h; path = ec.h; sourceTree = "<group>"; };
		9FE758181BD7318200CF80BA /* ecdh.h */ = {isa = PBXFileReference; fileEncoding = 4; lastKnownFileType = sourcecode.c.h; path = ecdh.h; sourceTree = "<group>"; };
		9FE758191BD7318200CF80BA /* ecdsa.h */ = {isa = PBXFileReference; fileEncoding = 4; lastKnownFileType = sourcecode.c.h; path = ecdsa.h; sourceTree = "<group>"; };
		9FE7581A1BD7318200CF80BA /* engine.h */ = {isa = PBXFileReference; fileEncoding = 4; lastKnownFileType = sourcecode.c.h; path = engine.h; sourceTree = "<group>"; };
		9FE7581B1BD7318200CF80BA /* err.h */ = {isa = PBXFileReference; fileEncoding = 4; lastKnownFileType = sourcecode.c.h; path = err.h; sourceTree = "<group>"; };
		9FE7581C1BD7318200CF80BA /* evp.h */ = {isa = PBXFileReference; fileEncoding = 4; lastKnownFileType = sourcecode.c.h; path = evp.h; sourceTree = "<group>"; };
		9FE7581D1BD7318200CF80BA /* hmac.h */ = {isa = PBXFileReference; fileEncoding = 4; lastKnownFileType = sourcecode.c.h; path = hmac.h; sourceTree = "<group>"; };
		9FE7581E1BD7318200CF80BA /* idea.h */ = {isa = PBXFileReference; fileEncoding = 4; lastKnownFileType = sourcecode.c.h; path = idea.h; sourceTree = "<group>"; };
		9FE7581F1BD7318200CF80BA /* krb5_asn.h */ = {isa = PBXFileReference; fileEncoding = 4; lastKnownFileType = sourcecode.c.h; path = krb5_asn.h; sourceTree = "<group>"; };
		9FE758201BD7318200CF80BA /* kssl.h */ = {isa = PBXFileReference; fileEncoding = 4; lastKnownFileType = sourcecode.c.h; path = kssl.h; sourceTree = "<group>"; };
		9FE758211BD7318200CF80BA /* lhash.h */ = {isa = PBXFileReference; fileEncoding = 4; lastKnownFileType = sourcecode.c.h; path = lhash.h; sourceTree = "<group>"; };
		9FE758221BD7318200CF80BA /* md4.h */ = {isa = PBXFileReference; fileEncoding = 4; lastKnownFileType = sourcecode.c.h; path = md4.h; sourceTree = "<group>"; };
		9FE758231BD7318200CF80BA /* md5.h */ = {isa = PBXFileReference; fileEncoding = 4; lastKnownFileType = sourcecode.c.h; path = md5.h; sourceTree = "<group>"; };
		9FE758241BD7318200CF80BA /* mdc2.h */ = {isa = PBXFileReference; fileEncoding = 4; lastKnownFileType = sourcecode.c.h; path = mdc2.h; sourceTree = "<group>"; };
		9FE758251BD7318200CF80BA /* modes.h */ = {isa = PBXFileReference; fileEncoding = 4; lastKnownFileType = sourcecode.c.h; path = modes.h; sourceTree = "<group>"; };
		9FE758261BD7318200CF80BA /* obj_mac.h */ = {isa = PBXFileReference; fileEncoding = 4; lastKnownFileType = sourcecode.c.h; path = obj_mac.h; sourceTree = "<group>"; };
		9FE758271BD7318200CF80BA /* objects.h */ = {isa = PBXFileReference; fileEncoding = 4; lastKnownFileType = sourcecode.c.h; path = objects.h; sourceTree = "<group>"; };
		9FE758281BD7318200CF80BA /* ocsp.h */ = {isa = PBXFileReference; fileEncoding = 4; lastKnownFileType = sourcecode.c.h; path = ocsp.h; sourceTree = "<group>"; };
		9FE758291BD7318200CF80BA /* opensslconf.h */ = {isa = PBXFileReference; fileEncoding = 4; lastKnownFileType = sourcecode.c.h; path = opensslconf.h; sourceTree = "<group>"; };
		9FE7582A1BD7318200CF80BA /* opensslv.h */ = {isa = PBXFileReference; fileEncoding = 4; lastKnownFileType = sourcecode.c.h; path = opensslv.h; sourceTree = "<group>"; };
		9FE7582B1BD7318200CF80BA /* ossl_typ.h */ = {isa = PBXFileReference; fileEncoding = 4; lastKnownFileType = sourcecode.c.h; path = ossl_typ.h; sourceTree = "<group>"; };
		9FE7582C1BD7318200CF80BA /* pem.h */ = {isa = PBXFileReference; fileEncoding = 4; lastKnownFileType = sourcecode.c.h; path = pem.h; sourceTree = "<group>"; };
		9FE7582D1BD7318200CF80BA /* pem2.h */ = {isa = PBXFileReference; fileEncoding = 4; lastKnownFileType = sourcecode.c.h; path = pem2.h; sourceTree = "<group>"; };
		9FE7582E1BD7318200CF80BA /* pkcs12.h */ = {isa = PBXFileReference; fileEncoding = 4; lastKnownFileType = sourcecode.c.h; path = pkcs12.h; sourceTree = "<group>"; };
		9FE7582F1BD7318200CF80BA /* pkcs7.h */ = {isa = PBXFileReference; fileEncoding = 4; lastKnownFileType = sourcecode.c.h; path = pkcs7.h; sourceTree = "<group>"; };
		9FE758301BD7318200CF80BA /* pqueue.h */ = {isa = PBXFileReference; fileEncoding = 4; lastKnownFileType = sourcecode.c.h; path = pqueue.h; sourceTree = "<group>"; };
		9FE758311BD7318200CF80BA /* rand.h */ = {isa = PBXFileReference; fileEncoding = 4; lastKnownFileType = sourcecode.c.h; path = rand.h; sourceTree = "<group>"; };
		9FE758321BD7318200CF80BA /* rc2.h */ = {isa = PBXFileReference; fileEncoding = 4; lastKnownFileType = sourcecode.c.h; path = rc2.h; sourceTree = "<group>"; };
		9FE758331BD7318200CF80BA /* rc4.h */ = {isa = PBXFileReference; fileEncoding = 4; lastKnownFileType = sourcecode.c.h; path = rc4.h; sourceTree = "<group>"; };
		9FE758341BD7318200CF80BA /* ripemd.h */ = {isa = PBXFileReference; fileEncoding = 4; lastKnownFileType = sourcecode.c.h; path = ripemd.h; sourceTree = "<group>"; };
		9FE758351BD7318200CF80BA /* rsa.h */ = {isa = PBXFileReference; fileEncoding = 4; lastKnownFileType = sourcecode.c.h; path = rsa.h; sourceTree = "<group>"; };
		9FE758361BD7318200CF80BA /* safestack.h */ = {isa = PBXFileReference; fileEncoding = 4; lastKnownFileType = sourcecode.c.h; path = safestack.h; sourceTree = "<group>"; };
		9FE758371BD7318200CF80BA /* seed.h */ = {isa = PBXFileReference; fileEncoding = 4; lastKnownFileType = sourcecode.c.h; path = seed.h; sourceTree = "<group>"; };
		9FE758381BD7318200CF80BA /* sha.h */ = {isa = PBXFileReference; fileEncoding = 4; lastKnownFileType = sourcecode.c.h; path = sha.h; sourceTree = "<group>"; };
		9FE758391BD7318200CF80BA /* srp.h */ = {isa = PBXFileReference; fileEncoding = 4; lastKnownFileType = sourcecode.c.h; path = srp.h; sourceTree = "<group>"; };
		9FE7583A1BD7318200CF80BA /* srtp.h */ = {isa = PBXFileReference; fileEncoding = 4; lastKnownFileType = sourcecode.c.h; path = srtp.h; sourceTree = "<group>"; };
		9FE7583B1BD7318200CF80BA /* ssl.h */ = {isa = PBXFileReference; fileEncoding = 4; lastKnownFileType = sourcecode.c.h; path = ssl.h; sourceTree = "<group>"; };
		9FE7583C1BD7318200CF80BA /* ssl2.h */ = {isa = PBXFileReference; fileEncoding = 4; lastKnownFileType = sourcecode.c.h; path = ssl2.h; sourceTree = "<group>"; };
		9FE7583D1BD7318200CF80BA /* ssl23.h */ = {isa = PBXFileReference; fileEncoding = 4; lastKnownFileType = sourcecode.c.h; path = ssl23.h; sourceTree = "<group>"; };
		9FE7583E1BD7318200CF80BA /* ssl3.h */ = {isa = PBXFileReference; fileEncoding = 4; lastKnownFileType = sourcecode.c.h; path = ssl3.h; sourceTree = "<group>"; };
		9FE7583F1BD7318200CF80BA /* stack.h */ = {isa = PBXFileReference; fileEncoding = 4; lastKnownFileType = sourcecode.c.h; path = stack.h; sourceTree = "<group>"; };
		9FE758401BD7318200CF80BA /* symhacks.h */ = {isa = PBXFileReference; fileEncoding = 4; lastKnownFileType = sourcecode.c.h; path = symhacks.h; sourceTree = "<group>"; };
		9FE758411BD7318200CF80BA /* tls1.h */ = {isa = PBXFileReference; fileEncoding = 4; lastKnownFileType = sourcecode.c.h; path = tls1.h; sourceTree = "<group>"; };
		9FE758421BD7318200CF80BA /* ts.h */ = {isa = PBXFileReference; fileEncoding = 4; lastKnownFileType = sourcecode.c.h; path = ts.h; sourceTree = "<group>"; };
		9FE758431BD7318200CF80BA /* txt_db.h */ = {isa = PBXFileReference; fileEncoding = 4; lastKnownFileType = sourcecode.c.h; path = txt_db.h; sourceTree = "<group>"; };
		9FE758441BD7318200CF80BA /* ui.h */ = {isa = PBXFileReference; fileEncoding = 4; lastKnownFileType = sourcecode.c.h; path = ui.h; sourceTree = "<group>"; };
		9FE758451BD7318200CF80BA /* ui_compat.h */ = {isa = PBXFileReference; fileEncoding = 4; lastKnownFileType = sourcecode.c.h; path = ui_compat.h; sourceTree = "<group>"; };
		9FE758461BD7318200CF80BA /* whrlpool.h */ = {isa = PBXFileReference; fileEncoding = 4; lastKnownFileType = sourcecode.c.h; path = whrlpool.h; sourceTree = "<group>"; };
		9FE758471BD7318200CF80BA /* x509.h */ = {isa = PBXFileReference; fileEncoding = 4; lastKnownFileType = sourcecode.c.h; path = x509.h; sourceTree = "<group>"; };
		9FE758481BD7318200CF80BA /* x509_vfy.h */ = {isa = PBXFileReference; fileEncoding = 4; lastKnownFileType = sourcecode.c.h; path = x509_vfy.h; sourceTree = "<group>"; };
		9FE758491BD7318200CF80BA /* x509v3.h */ = {isa = PBXFileReference; fileEncoding = 4; lastKnownFileType = sourcecode.c.h; path = x509v3.h; sourceTree = "<group>"; };
		9FE7584A1BD7318200CF80BA /* libcrypto.a */ = {isa = PBXFileReference; lastKnownFileType = archive.ar; path = libcrypto.a; sourceTree = "<group>"; };
		9FE7584B1BD7318200CF80BA /* libssl.a */ = {isa = PBXFileReference; lastKnownFileType = archive.ar; path = libssl.a; sourceTree = "<group>"; };
		9FE7584F1BD731CB00CF80BA /* NSData+HexToByte.h */ = {isa = PBXFileReference; fileEncoding = 4; lastKnownFileType = sourcecode.c.h; path = "NSData+HexToByte.h"; sourceTree = "<group>"; };
		9FE758501BD731CB00CF80BA /* NSData+HexToByte.m */ = {isa = PBXFileReference; fileEncoding = 4; lastKnownFileType = sourcecode.c.objc; path = "NSData+HexToByte.m"; sourceTree = "<group>"; };
		9FE758511BD731CB00CF80BA /* NSString+Hash.h */ = {isa = PBXFileReference; fileEncoding = 4; lastKnownFileType = sourcecode.c.h; path = "NSString+Hash.h"; sourceTree = "<group>"; };
		9FE758521BD731CB00CF80BA /* NSString+Hash.m */ = {isa = PBXFileReference; fileEncoding = 4; lastKnownFileType = sourcecode.c.objc; path = "NSString+Hash.m"; sourceTree = "<group>"; };
		9FE758551BD733C900CF80BA /* Security.framework */ = {isa = PBXFileReference; lastKnownFileType = wrapper.framework; name = Security.framework; path = System/Library/Frameworks/Security.framework; sourceTree = SDKROOT; };
		9FE758571BD737BB00CF80BA /* SystemConfiguration.framework */ = {isa = PBXFileReference; lastKnownFileType = wrapper.framework; name = SystemConfiguration.framework; path = System/Library/Frameworks/SystemConfiguration.framework; sourceTree = SDKROOT; };
/* End PBXFileReference section */

/* Begin PBXFrameworksBuildPhase section */
		9FE757C31BD7315600CF80BA /* Frameworks */ = {
			isa = PBXFrameworksBuildPhase;
			buildActionMask = 2147483647;
			files = (
				9FE758581BD737BB00CF80BA /* SystemConfiguration.framework in Frameworks */,
				9FE758561BD733C900CF80BA /* Security.framework in Frameworks */,
				9FE7584D1BD7318200CF80BA /* libssl.a in Frameworks */,
				9FE7584C1BD7318200CF80BA /* libcrypto.a in Frameworks */,
			);
			runOnlyForDeploymentPostprocessing = 0;
		};
		9FE757DC1BD7315600CF80BA /* Frameworks */ = {
			isa = PBXFrameworksBuildPhase;
			buildActionMask = 2147483647;
			files = (
			);
			runOnlyForDeploymentPostprocessing = 0;
		};
		9FE757E71BD7315600CF80BA /* Frameworks */ = {
			isa = PBXFrameworksBuildPhase;
			buildActionMask = 2147483647;
			files = (
			);
			runOnlyForDeploymentPostprocessing = 0;
		};
/* End PBXFrameworksBuildPhase section */

/* Begin PBXGroup section */
		9FE757BD1BD7315600CF80BA = {
			isa = PBXGroup;
			children = (
				9FE758571BD737BB00CF80BA /* SystemConfiguration.framework */,
				9FE758551BD733C900CF80BA /* Security.framework */,
				9FE757C81BD7315600CF80BA /* RSADemo */,
				9FE757E21BD7315600CF80BA /* RSADemoTests */,
				9FE757ED1BD7315600CF80BA /* RSADemoUITests */,
				9FE757C71BD7315600CF80BA /* Products */,
			);
			sourceTree = "<group>";
		};
		9FE757C71BD7315600CF80BA /* Products */ = {
			isa = PBXGroup;
			children = (
				9FE757C61BD7315600CF80BA /* RSADemo.app */,
				9FE757DF1BD7315600CF80BA /* RSADemoTests.xctest */,
				9FE757EA1BD7315600CF80BA /* RSADemoUITests.xctest */,
			);
			name = Products;
			sourceTree = "<group>";
		};
		9FE757C81BD7315600CF80BA /* RSADemo */ = {
			isa = PBXGroup;
			children = (
				9FE7584E1BD731CB00CF80BA /* Categary */,
				9FE757FC1BD7318200CF80BA /* openSSL */,
				9FE757CC1BD7315600CF80BA /* AppDelegate.h */,
				9FE757CD1BD7315600CF80BA /* AppDelegate.m */,
				9FE757CF1BD7315600CF80BA /* ViewController.h */,
				9FE757D01BD7315600CF80BA /* ViewController.m */,
				9FE757D21BD7315600CF80BA /* Main.storyboard */,
				9FE757D51BD7315600CF80BA /* Assets.xcassets */,
				9FE757D71BD7315600CF80BA /* LaunchScreen.storyboard */,
				9FE757DA1BD7315600CF80BA /* Info.plist */,
				9FE757C91BD7315600CF80BA /* Supporting Files */,
			);
			path = RSADemo;
			sourceTree = "<group>";
		};
		9FE757C91BD7315600CF80BA /* Supporting Files */ = {
			isa = PBXGroup;
			children = (
				9FE757CA1BD7315600CF80BA /* main.m */,
			);
			name = "Supporting Files";
			sourceTree = "<group>";
		};
		9FE757E21BD7315600CF80BA /* RSADemoTests */ = {
			isa = PBXGroup;
			children = (
				9FE757E31BD7315600CF80BA /* RSADemoTests.m */,
				9FE757E51BD7315600CF80BA /* Info.plist */,
			);
			path = RSADemoTests;
			sourceTree = "<group>";
		};
		9FE757ED1BD7315600CF80BA /* RSADemoUITests */ = {
			isa = PBXGroup;
			children = (
				9FE757EE1BD7315600CF80BA /* RSADemoUITests.m */,
				9FE757F01BD7315600CF80BA /* Info.plist */,
			);
			path = RSADemoUITests;
			sourceTree = "<group>";
		};
		9FE757FC1BD7318200CF80BA /* openSSL */ = {
			isa = PBXGroup;
			children = (
				9FE757FD1BD7318200CF80BA /* include */,
				9FE7584A1BD7318200CF80BA /* libcrypto.a */,
				9FE7584B1BD7318200CF80BA /* libssl.a */,
			);
			path = openSSL;
			sourceTree = "<group>";
		};
		9FE757FD1BD7318200CF80BA /* include */ = {
			isa = PBXGroup;
			children = (
				9FE757FE1BD7318200CF80BA /* openssl */,
			);
			path = include;
			sourceTree = "<group>";
		};
		9FE757FE1BD7318200CF80BA /* openssl */ = {
			isa = PBXGroup;
			children = (
				9FE757FF1BD7318200CF80BA /* aes.h */,
				9FE758001BD7318200CF80BA /* asn1.h */,
				9FE758011BD7318200CF80BA /* asn1_mac.h */,
				9FE758021BD7318200CF80BA /* asn1t.h */,
				9FE758031BD7318200CF80BA /* bio.h */,
				9FE758041BD7318200CF80BA /* blowfish.h */,
				9FE758051BD7318200CF80BA /* bn.h */,
				9FE758061BD7318200CF80BA /* buffer.h */,
				9FE758071BD7318200CF80BA /* camellia.h */,
				9FE758081BD7318200CF80BA /* cast.h */,
				9FE758091BD7318200CF80BA /* cmac.h */,
				9FE7580A1BD7318200CF80BA /* cms.h */,
				9FE7580B1BD7318200CF80BA /* comp.h */,
				9FE7580C1BD7318200CF80BA /* conf.h */,
				9FE7580D1BD7318200CF80BA /* conf_api.h */,
				9FE7580E1BD7318200CF80BA /* crypto.h */,
				9FE7580F1BD7318200CF80BA /* des.h */,
				9FE758101BD7318200CF80BA /* des_old.h */,
				9FE758111BD7318200CF80BA /* dh.h */,
				9FE758121BD7318200CF80BA /* dsa.h */,
				9FE758131BD7318200CF80BA /* dso.h */,
				9FE758141BD7318200CF80BA /* dtls1.h */,
				9FE758151BD7318200CF80BA /* e_os2.h */,
				9FE758161BD7318200CF80BA /* ebcdic.h */,
				9FE758171BD7318200CF80BA /* ec.h */,
				9FE758181BD7318200CF80BA /* ecdh.h */,
				9FE758191BD7318200CF80BA /* ecdsa.h */,
				9FE7581A1BD7318200CF80BA /* engine.h */,
				9FE7581B1BD7318200CF80BA /* err.h */,
				9FE7581C1BD7318200CF80BA /* evp.h */,
				9FE7581D1BD7318200CF80BA /* hmac.h */,
				9FE7581E1BD7318200CF80BA /* idea.h */,
				9FE7581F1BD7318200CF80BA /* krb5_asn.h */,
				9FE758201BD7318200CF80BA /* kssl.h */,
				9FE758211BD7318200CF80BA /* lhash.h */,
				9FE758221BD7318200CF80BA /* md4.h */,
				9FE758231BD7318200CF80BA /* md5.h */,
				9FE758241BD7318200CF80BA /* mdc2.h */,
				9FE758251BD7318200CF80BA /* modes.h */,
				9FE758261BD7318200CF80BA /* obj_mac.h */,
				9FE758271BD7318200CF80BA /* objects.h */,
				9FE758281BD7318200CF80BA /* ocsp.h */,
				9FE758291BD7318200CF80BA /* opensslconf.h */,
				9FE7582A1BD7318200CF80BA /* opensslv.h */,
				9FE7582B1BD7318200CF80BA /* ossl_typ.h */,
				9FE7582C1BD7318200CF80BA /* pem.h */,
				9FE7582D1BD7318200CF80BA /* pem2.h */,
				9FE7582E1BD7318200CF80BA /* pkcs12.h */,
				9FE7582F1BD7318200CF80BA /* pkcs7.h */,
				9FE758301BD7318200CF80BA /* pqueue.h */,
				9FE758311BD7318200CF80BA /* rand.h */,
				9FE758321BD7318200CF80BA /* rc2.h */,
				9FE758331BD7318200CF80BA /* rc4.h */,
				9FE758341BD7318200CF80BA /* ripemd.h */,
				9FE758351BD7318200CF80BA /* rsa.h */,
				9FE758361BD7318200CF80BA /* safestack.h */,
				9FE758371BD7318200CF80BA /* seed.h */,
				9FE758381BD7318200CF80BA /* sha.h */,
				9FE758391BD7318200CF80BA /* srp.h */,
				9FE7583A1BD7318200CF80BA /* srtp.h */,
				9FE7583B1BD7318200CF80BA /* ssl.h */,
				9FE7583C1BD7318200CF80BA /* ssl2.h */,
				9FE7583D1BD7318200CF80BA /* ssl23.h */,
				9FE7583E1BD7318200CF80BA /* ssl3.h */,
				9FE7583F1BD7318200CF80BA /* stack.h */,
				9FE758401BD7318200CF80BA /* symhacks.h */,
				9FE758411BD7318200CF80BA /* tls1.h */,
				9FE758421BD7318200CF80BA /* ts.h */,
				9FE758431BD7318200CF80BA /* txt_db.h */,
				9FE758441BD7318200CF80BA /* ui.h */,
				9FE758451BD7318200CF80BA /* ui_compat.h */,
				9FE758461BD7318200CF80BA /* whrlpool.h */,
				9FE758471BD7318200CF80BA /* x509.h */,
				9FE758481BD7318200CF80BA /* x509_vfy.h */,
				9FE758491BD7318200CF80BA /* x509v3.h */,
			);
			path = openssl;
			sourceTree = "<group>";
		};
		9FE7584E1BD731CB00CF80BA /* Categary */ = {
			isa = PBXGroup;
			children = (
				9FE7584F1BD731CB00CF80BA /* NSData+HexToByte.h */,
				9FE758501BD731CB00CF80BA /* NSData+HexToByte.m */,
				9FE758511BD731CB00CF80BA /* NSString+Hash.h */,
				9FE758521BD731CB00CF80BA /* NSString+Hash.m */,
			);
			path = Categary;
			sourceTree = "<group>";
		};
/* End PBXGroup section */

/* Begin PBXNativeTarget section */
		9FE757C51BD7315600CF80BA /* RSADemo */ = {
			isa = PBXNativeTarget;
			buildConfigurationList = 9FE757F31BD7315600CF80BA /* Build configuration list for PBXNativeTarget "RSADemo" */;
			buildPhases = (
				9FE757C21BD7315600CF80BA /* Sources */,
				9FE757C31BD7315600CF80BA /* Frameworks */,
				9FE757C41BD7315600CF80BA /* Resources */,
			);
			buildRules = (
			);
			dependencies = (
			);
			name = RSADemo;
			productName = RSADemo;
			productReference = 9FE757C61BD7315600CF80BA /* RSADemo.app */;
			productType = "com.apple.product-type.application";
		};
		9FE757DE1BD7315600CF80BA /* RSADemoTests */ = {
			isa = PBXNativeTarget;
			buildConfigurationList = 9FE757F61BD7315600CF80BA /* Build configuration list for PBXNativeTarget "RSADemoTests" */;
			buildPhases = (
				9FE757DB1BD7315600CF80BA /* Sources */,
				9FE757DC1BD7315600CF80BA /* Frameworks */,
				9FE757DD1BD7315600CF80BA /* Resources */,
			);
			buildRules = (
			);
			dependencies = (
				9FE757E11BD7315600CF80BA /* PBXTargetDependency */,
			);
			name = RSADemoTests;
			productName = RSADemoTests;
			productReference = 9FE757DF1BD7315600CF80BA /* RSADemoTests.xctest */;
			productType = "com.apple.product-type.bundle.unit-test";
		};
		9FE757E91BD7315600CF80BA /* RSADemoUITests */ = {
			isa = PBXNativeTarget;
			buildConfigurationList = 9FE757F91BD7315600CF80BA /* Build configuration list for PBXNativeTarget "RSADemoUITests" */;
			buildPhases = (
				9FE757E61BD7315600CF80BA /* Sources */,
				9FE757E71BD7315600CF80BA /* Frameworks */,
				9FE757E81BD7315600CF80BA /* Resources */,
			);
			buildRules = (
			);
			dependencies = (
				9FE757EC1BD7315600CF80BA /* PBXTargetDependency */,
			);
			name = RSADemoUITests;
			productName = RSADemoUITests;
			productReference = 9FE757EA1BD7315600CF80BA /* RSADemoUITests.xctest */;
			productType = "com.apple.product-type.bundle.ui-testing";
		};
/* End PBXNativeTarget section */

/* Begin PBXProject section */
		9FE757BE1BD7315600CF80BA /* Project object */ = {
			isa = PBXProject;
			attributes = {
				LastUpgradeCheck = 0700;
				ORGANIZATIONNAME = Dyf;
				TargetAttributes = {
					9FE757C51BD7315600CF80BA = {
						CreatedOnToolsVersion = 7.0.1;
					};
					9FE757DE1BD7315600CF80BA = {
						CreatedOnToolsVersion = 7.0.1;
						TestTargetID = 9FE757C51BD7315600CF80BA;
					};
					9FE757E91BD7315600CF80BA = {
						CreatedOnToolsVersion = 7.0.1;
						TestTargetID = 9FE757C51BD7315600CF80BA;
					};
				};
			};
			buildConfigurationList = 9FE757C11BD7315600CF80BA /* Build configuration list for PBXProject "RSADemo" */;
			compatibilityVersion = "Xcode 3.2";
			developmentRegion = English;
			hasScannedForEncodings = 0;
			knownRegions = (
				en,
				Base,
			);
			mainGroup = 9FE757BD1BD7315600CF80BA;
			productRefGroup = 9FE757C71BD7315600CF80BA /* Products */;
			projectDirPath = "";
			projectRoot = "";
			targets = (
				9FE757C51BD7315600CF80BA /* RSADemo */,
				9FE757DE1BD7315600CF80BA /* RSADemoTests */,
				9FE757E91BD7315600CF80BA /* RSADemoUITests */,
			);
		};
/* End PBXProject section */

/* Begin PBXResourcesBuildPhase section */
		9FE757C41BD7315600CF80BA /* Resources */ = {
			isa = PBXResourcesBuildPhase;
			buildActionMask = 2147483647;
			files = (
				9FE757D91BD7315600CF80BA /* LaunchScreen.storyboard in Resources */,
				9FE757D61BD7315600CF80BA /* Assets.xcassets in Resources */,
				9FE757D41BD7315600CF80BA /* Main.storyboard in Resources */,
			);
			runOnlyForDeploymentPostprocessing = 0;
		};
		9FE757DD1BD7315600CF80BA /* Resources */ = {
			isa = PBXResourcesBuildPhase;
			buildActionMask = 2147483647;
			files = (
			);
			runOnlyForDeploymentPostprocessing = 0;
		};
		9FE757E81BD7315600CF80BA /* Resources */ = {
			isa = PBXResourcesBuildPhase;
			buildActionMask = 2147483647;
			files = (
			);
			runOnlyForDeploymentPostprocessing = 0;
		};
/* End PBXResourcesBuildPhase section */

/* Begin PBXSourcesBuildPhase section */
		9FE757C21BD7315600CF80BA /* Sources */ = {
			isa = PBXSourcesBuildPhase;
			buildActionMask = 2147483647;
			files = (
				9FE757D11BD7315600CF80BA /* ViewController.m in Sources */,
				9FE757CE1BD7315600CF80BA /* AppDelegate.m in Sources */,
				9FE757CB1BD7315600CF80BA /* main.m in Sources */,
				9FE758541BD731CB00CF80BA /* NSString+Hash.m in Sources */,
				9FE758531BD731CB00CF80BA /* NSData+HexToByte.m in Sources */,
			);
			runOnlyForDeploymentPostprocessing = 0;
		};
		9FE757DB1BD7315600CF80BA /* Sources */ = {
			isa = PBXSourcesBuildPhase;
			buildActionMask = 2147483647;
			files = (
				9FE757E41BD7315600CF80BA /* RSADemoTests.m in Sources */,
			);
			runOnlyForDeploymentPostprocessing = 0;
		};
		9FE757E61BD7315600CF80BA /* Sources */ = {
			isa = PBXSourcesBuildPhase;
			buildActionMask = 2147483647;
			files = (
				9FE757EF1BD7315600CF80BA /* RSADemoUITests.m in Sources */,
			);
			runOnlyForDeploymentPostprocessing = 0;
		};
/* End PBXSourcesBuildPhase section */

/* Begin PBXTargetDependency section */
		9FE757E11BD7315600CF80BA /* PBXTargetDependency */ = {
			isa = PBXTargetDependency;
			target = 9FE757C51BD7315600CF80BA /* RSADemo */;
			targetProxy = 9FE757E01BD7315600CF80BA /* PBXContainerItemProxy */;
		};
		9FE757EC1BD7315600CF80BA /* PBXTargetDependency */ = {
			isa = PBXTargetDependency;
			target = 9FE757C51BD7315600CF80BA /* RSADemo */;
			targetProxy = 9FE757EB1BD7315600CF80BA /* PBXContainerItemProxy */;
		};
/* End PBXTargetDependency section */

/* Begin PBXVariantGroup section */
		9FE757D21BD7315600CF80BA /* Main.storyboard */ = {
			isa = PBXVariantGroup;
			children = (
				9FE757D31BD7315600CF80BA /* Base */,
			);
			name = Main.storyboard;
			sourceTree = "<group>";
		};
		9FE757D71BD7315600CF80BA /* LaunchScreen.storyboard */ = {
			isa = PBXVariantGroup;
			children = (
				9FE757D81BD7315600CF80BA /* Base */,
			);
			name = LaunchScreen.storyboard;
			sourceTree = "<group>";
		};
/* End PBXVariantGroup section */

/* Begin XCBuildConfiguration section */
		9FE757F11BD7315600CF80BA /* Debug */ = {
			isa = XCBuildConfiguration;
			buildSettings = {
				ALWAYS_SEARCH_USER_PATHS = NO;
				CLANG_CXX_LANGUAGE_STANDARD = "gnu++0x";
				CLANG_CXX_LIBRARY = "libc++";
				CLANG_ENABLE_MODULES = YES;
				CLANG_ENABLE_OBJC_ARC = YES;
				CLANG_WARN_BOOL_CONVERSION = YES;
				CLANG_WARN_CONSTANT_CONVERSION = YES;
				CLANG_WARN_DIRECT_OBJC_ISA_USAGE = YES_ERROR;
				CLANG_WARN_EMPTY_BODY = YES;
				CLANG_WARN_ENUM_CONVERSION = YES;
				CLANG_WARN_INT_CONVERSION = YES;
				CLANG_WARN_OBJC_ROOT_CLASS = YES_ERROR;
				CLANG_WARN_UNREACHABLE_CODE = YES;
				CLANG_WARN__DUPLICATE_METHOD_MATCH = YES;
				"CODE_SIGN_IDENTITY[sdk=iphoneos*]" = "iPhone Developer";
				COPY_PHASE_STRIP = NO;
				DEBUG_INFORMATION_FORMAT = dwarf;
				ENABLE_STRICT_OBJC_MSGSEND = YES;
				ENABLE_TESTABILITY = YES;
				GCC_C_LANGUAGE_STANDARD = gnu99;
				GCC_DYNAMIC_NO_PIC = NO;
				GCC_NO_COMMON_BLOCKS = YES;
				GCC_OPTIMIZATION_LEVEL = 0;
				GCC_PREPROCESSOR_DEFINITIONS = (
					"DEBUG=1",
					"$(inherited)",
				);
				GCC_WARN_64_TO_32_BIT_CONVERSION = YES;
				GCC_WARN_ABOUT_RETURN_TYPE = YES_ERROR;
				GCC_WARN_UNDECLARED_SELECTOR = YES;
				GCC_WARN_UNINITIALIZED_AUTOS = YES_AGGRESSIVE;
				GCC_WARN_UNUSED_FUNCTION = YES;
				GCC_WARN_UNUSED_VARIABLE = YES;
				IPHONEOS_DEPLOYMENT_TARGET = 9.0;
				MTL_ENABLE_DEBUG_INFO = YES;
				ONLY_ACTIVE_ARCH = YES;
				SDKROOT = iphoneos;
			};
			name = Debug;
		};
		9FE757F21BD7315600CF80BA /* Release */ = {
			isa = XCBuildConfiguration;
			buildSettings = {
				ALWAYS_SEARCH_USER_PATHS = NO;
				CLANG_CXX_LANGUAGE_STANDARD = "gnu++0x";
				CLANG_CXX_LIBRARY = "libc++";
				CLANG_ENABLE_MODULES = YES;
				CLANG_ENABLE_OBJC_ARC = YES;
				CLANG_WARN_BOOL_CONVERSION = YES;
				CLANG_WARN_CONSTANT_CONVERSION = YES;
				CLANG_WARN_DIRECT_OBJC_ISA_USAGE = YES_ERROR;
				CLANG_WARN_EMPTY_BODY = YES;
				CLANG_WARN_ENUM_CONVERSION = YES;
				CLANG_WARN_INT_CONVERSION = YES;
				CLANG_WARN_OBJC_ROOT_CLASS = YES_ERROR;
				CLANG_WARN_UNREACHABLE_CODE = YES;
				CLANG_WARN__DUPLICATE_METHOD_MATCH = YES;
				"CODE_SIGN_IDENTITY[sdk=iphoneos*]" = "iPhone Developer";
				COPY_PHASE_STRIP = NO;
				DEBUG_INFORMATION_FORMAT = "dwarf-with-dsym";
				ENABLE_NS_ASSERTIONS = NO;
				ENABLE_STRICT_OBJC_MSGSEND = YES;
				GCC_C_LANGUAGE_STANDARD = gnu99;
				GCC_NO_COMMON_BLOCKS = YES;
				GCC_WARN_64_TO_32_BIT_CONVERSION = YES;
				GCC_WARN_ABOUT_RETURN_TYPE = YES_ERROR;
				GCC_WARN_UNDECLARED_SELECTOR = YES;
				GCC_WARN_UNINITIALIZED_AUTOS = YES_AGGRESSIVE;
				GCC_WARN_UNUSED_FUNCTION = YES;
				GCC_WARN_UNUSED_VARIABLE = YES;
				IPHONEOS_DEPLOYMENT_TARGET = 9.0;
				MTL_ENABLE_DEBUG_INFO = NO;
				SDKROOT = iphoneos;
				VALIDATE_PRODUCT = YES;
			};
			name = Release;
		};
		9FE757F41BD7315600CF80BA /* Debug */ = {
			isa = XCBuildConfiguration;
			buildSettings = {
				ASSETCATALOG_COMPILER_APPICON_NAME = AppIcon;
				ENABLE_BITCODE = NO;
				HEADER_SEARCH_PATHS = "$(PROJECT_DIR)/RSADemo/openSSL/**";
				INFOPLIST_FILE = RSADemo/Info.plist;
				LD_RUNPATH_SEARCH_PATHS = "$(inherited) @executable_path/Frameworks";
				LIBRARY_SEARCH_PATHS = (
					"$(inherited)",
					"$(PROJECT_DIR)/RSADemo/openSSL",
				);
				ONLY_ACTIVE_ARCH = NO;
				PRODUCT_BUNDLE_IDENTIFIER = com.dyf.RSADemo;
				PRODUCT_NAME = "$(TARGET_NAME)";
				VALID_ARCHS = "armv7 armv7s";
			};
			name = Debug;
		};
		9FE757F51BD7315600CF80BA /* Release */ = {
			isa = XCBuildConfiguration;
			buildSettings = {
				ASSETCATALOG_COMPILER_APPICON_NAME = AppIcon;
				ENABLE_BITCODE = NO;
				HEADER_SEARCH_PATHS = "$(PROJECT_DIR)/RSADemo/openSSL/**";
				INFOPLIST_FILE = RSADemo/Info.plist;
				LD_RUNPATH_SEARCH_PATHS = "$(inherited) @executable_path/Frameworks";
				LIBRARY_SEARCH_PATHS = (
					"$(inherited)",
					"$(PROJECT_DIR)/RSADemo/openSSL",
				);
				ONLY_ACTIVE_ARCH = NO;
				PRODUCT_BUNDLE_IDENTIFIER = com.dyf.RSADemo;
				PRODUCT_NAME = "$(TARGET_NAME)";
				VALID_ARCHS = "armv7 armv7s";
			};
			name = Release;
		};
		9FE757F71BD7315600CF80BA /* Debug */ = {
			isa = XCBuildConfiguration;
			buildSettings = {
				BUNDLE_LOADER = "$(TEST_HOST)";
				INFOPLIST_FILE = RSADemoTests/Info.plist;
				LD_RUNPATH_SEARCH_PATHS = "$(inherited) @executable_path/Frameworks @loader_path/Frameworks";
				PRODUCT_BUNDLE_IDENTIFIER = com.dyf.RSADemoTests;
				PRODUCT_NAME = "$(TARGET_NAME)";
				TEST_HOST = "$(BUILT_PRODUCTS_DIR)/RSADemo.app/RSADemo";
			};
			name = Debug;
		};
		9FE757F81BD7315600CF80BA /* Release */ = {
			isa = XCBuildConfiguration;
			buildSettings = {
				BUNDLE_LOADER = "$(TEST_HOST)";
				INFOPLIST_FILE = RSADemoTests/Info.plist;
				LD_RUNPATH_SEARCH_PATHS = "$(inherited) @executable_path/Frameworks @loader_path/Frameworks";
				PRODUCT_BUNDLE_IDENTIFIER = com.dyf.RSADemoTests;
				PRODUCT_NAME = "$(TARGET_NAME)";
				TEST_HOST = "$(BUILT_PRODUCTS_DIR)/RSADemo.app/RSADemo";
			};
			name = Release;
		};
		9FE757FA1BD7315600CF80BA /* Debug */ = {
			isa = XCBuildConfiguration;
			buildSettings = {
				INFOPLIST_FILE = RSADemoUITests/Info.plist;
				LD_RUNPATH_SEARCH_PATHS = "$(inherited) @executable_path/Frameworks @loader_path/Frameworks";
				PRODUCT_BUNDLE_IDENTIFIER = com.dyf.RSADemoUITests;
				PRODUCT_NAME = "$(TARGET_NAME)";
				TEST_TARGET_NAME = RSADemo;
				USES_XCTRUNNER = YES;
			};
			name = Debug;
		};
		9FE757FB1BD7315600CF80BA /* Release */ = {
			isa = XCBuildConfiguration;
			buildSettings = {
				INFOPLIST_FILE = RSADemoUITests/Info.plist;
				LD_RUNPATH_SEARCH_PATHS = "$(inherited) @executable_path/Frameworks @loader_path/Frameworks";
				PRODUCT_BUNDLE_IDENTIFIER = com.dyf.RSADemoUITests;
				PRODUCT_NAME = "$(TARGET_NAME)";
				TEST_TARGET_NAME = RSADemo;
				USES_XCTRUNNER = YES;
			};
			name = Release;
		};
/* End XCBuildConfiguration section */

/* Begin XCConfigurationList section */
		9FE757C11BD7315600CF80BA /* Build configuration list for PBXProject "RSADemo" */ = {
			isa = XCConfigurationList;
			buildConfigurations = (
				9FE757F11BD7315600CF80BA /* Debug */,
				9FE757F21BD7315600CF80BA /* Release */,
			);
			defaultConfigurationIsVisible = 0;
			defaultConfigurationName = Release;
		};
		9FE757F31BD7315600CF80BA /* Build configuration list for PBXNativeTarget "RSADemo" */ = {
			isa = XCConfigurationList;
			buildConfigurations = (
				9FE757F41BD7315600CF80BA /* Debug */,
				9FE757F51BD7315600CF80BA /* Release */,
			);
			defaultConfigurationIsVisible = 0;
		};
		9FE757F61BD7315600CF80BA /* Build configuration list for PBXNativeTarget "RSADemoTests" */ = {
			isa = XCConfigurationList;
			buildConfigurations = (
				9FE757F71BD7315600CF80BA /* Debug */,
				9FE757F81BD7315600CF80BA /* Release */,
			);
			defaultConfigurationIsVisible = 0;
		};
		9FE757F91BD7315600CF80BA /* Build configuration list for PBXNativeTarget "RSADemoUITests" */ = {
			isa = XCConfigurationList;
			buildConfigurations = (
				9FE757FA1BD7315600CF80BA /* Debug */,
				9FE757FB1BD7315600CF80BA /* Release */,
			);
			defaultConfigurationIsVisible = 0;
		};
/* End XCConfigurationList section */
	};
	rootObject = 9FE757BE1BD7315600CF80BA /* Project object */;
}
